// !$*UTF8*$!
{
	archiveVersion = 1;
	classes = {
	};
	objectVersion = 56;
	objects = {

/* Begin PBXBuildFile section */
		D6B1E3752AC404E00082934A /* AppDelegate.swift in Sources */ = {isa = PBXBuildFile; fileRef = D6B1E3742AC404E00082934A /* AppDelegate.swift */; };
		D6B1E3772AC404E00082934A /* SceneDelegate.swift in Sources */ = {isa = PBXBuildFile; fileRef = D6B1E3762AC404E00082934A /* SceneDelegate.swift */; };
		D6B1E37E2AC404E20082934A /* Assets.xcassets in Resources */ = {isa = PBXBuildFile; fileRef = D6B1E37D2AC404E20082934A /* Assets.xcassets */; };
		D6B1E3812AC404E20082934A /* LaunchScreen.storyboard in Resources */ = {isa = PBXBuildFile; fileRef = D6B1E37F2AC404E20082934A /* LaunchScreen.storyboard */; };
		D6B1E38B2AC4057F0082934A /* MainWeatherVC.swift in Sources */ = {isa = PBXBuildFile; fileRef = D6B1E38A2AC4057F0082934A /* MainWeatherVC.swift */; };
		D6B1E38D2AC409AF0082934A /* MainHeaderView.swift in Sources */ = {isa = PBXBuildFile; fileRef = D6B1E38C2AC409AF0082934A /* MainHeaderView.swift */; };
		D6B1E38F2AC409D60082934A /* CellHeaderView.swift in Sources */ = {isa = PBXBuildFile; fileRef = D6B1E38E2AC409D60082934A /* CellHeaderView.swift */; };
		D6B1E3912AC40A040082934A /* BackgroundReusableView.swift in Sources */ = {isa = PBXBuildFile; fileRef = D6B1E3902AC40A040082934A /* BackgroundReusableView.swift */; };
		EB2D51892AC4123D007859A8 /* TodayCollectionViewCell.swift in Sources */ = {isa = PBXBuildFile; fileRef = EB2D51882AC4123D007859A8 /* TodayCollectionViewCell.swift */; };
		EB2D518B2AC43F49007859A8 /* DayCollectionViewCell.swift in Sources */ = {isa = PBXBuildFile; fileRef = EB2D518A2AC43F49007859A8 /* DayCollectionViewCell.swift */; };
/* End PBXBuildFile section */

/* Begin PBXFileReference section */
		D6B1E3712AC404E00082934A /* Weather-Group3.app */ = {isa = PBXFileReference; explicitFileType = wrapper.application; includeInIndex = 0; path = "Weather-Group3.app"; sourceTree = BUILT_PRODUCTS_DIR; };
		D6B1E3742AC404E00082934A /* AppDelegate.swift */ = {isa = PBXFileReference; lastKnownFileType = sourcecode.swift; path = AppDelegate.swift; sourceTree = "<group>"; };
		D6B1E3762AC404E00082934A /* SceneDelegate.swift */ = {isa = PBXFileReference; lastKnownFileType = sourcecode.swift; path = SceneDelegate.swift; sourceTree = "<group>"; };
		D6B1E37D2AC404E20082934A /* Assets.xcassets */ = {isa = PBXFileReference; lastKnownFileType = folder.assetcatalog; path = Assets.xcassets; sourceTree = "<group>"; };
		D6B1E3802AC404E20082934A /* Base */ = {isa = PBXFileReference; lastKnownFileType = file.storyboard; name = Base; path = Base.lproj/LaunchScreen.storyboard; sourceTree = "<group>"; };
		D6B1E3822AC404E20082934A /* Info.plist */ = {isa = PBXFileReference; lastKnownFileType = text.plist.xml; path = Info.plist; sourceTree = "<group>"; };
		D6B1E38A2AC4057F0082934A /* MainWeatherVC.swift */ = {isa = PBXFileReference; lastKnownFileType = sourcecode.swift; path = MainWeatherVC.swift; sourceTree = "<group>"; };
		D6B1E38C2AC409AF0082934A /* MainHeaderView.swift */ = {isa = PBXFileReference; lastKnownFileType = sourcecode.swift; path = MainHeaderView.swift; sourceTree = "<group>"; };
		D6B1E38E2AC409D60082934A /* CellHeaderView.swift */ = {isa = PBXFileReference; lastKnownFileType = sourcecode.swift; path = CellHeaderView.swift; sourceTree = "<group>"; };
		D6B1E3902AC40A040082934A /* BackgroundReusableView.swift */ = {isa = PBXFileReference; lastKnownFileType = sourcecode.swift; path = BackgroundReusableView.swift; sourceTree = "<group>"; };
		EB2D51882AC4123D007859A8 /* TodayCollectionViewCell.swift */ = {isa = PBXFileReference; lastKnownFileType = sourcecode.swift; path = TodayCollectionViewCell.swift; sourceTree = "<group>"; };
		EB2D518A2AC43F49007859A8 /* DayCollectionViewCell.swift */ = {isa = PBXFileReference; lastKnownFileType = sourcecode.swift; path = DayCollectionViewCell.swift; sourceTree = "<group>"; };
/* End PBXFileReference section */

/* Begin PBXFrameworksBuildPhase section */
		D6B1E36E2AC404E00082934A /* Frameworks */ = {
			isa = PBXFrameworksBuildPhase;
			buildActionMask = 2147483647;
			files = (
			);
			runOnlyForDeploymentPostprocessing = 0;
		};
/* End PBXFrameworksBuildPhase section */

/* Begin PBXGroup section */
		D6B1E3682AC404E00082934A = {
			isa = PBXGroup;
			children = (
				D6B1E3732AC404E00082934A /* Weather-Group3 */,
				D6B1E3722AC404E00082934A /* Products */,
			);
			sourceTree = "<group>";
		};
		D6B1E3722AC404E00082934A /* Products */ = {
			isa = PBXGroup;
			children = (
				D6B1E3712AC404E00082934A /* Weather-Group3.app */,
			);
			name = Products;
			sourceTree = "<group>";
		};
		D6B1E3732AC404E00082934A /* Weather-Group3 */ = {
			isa = PBXGroup;
			children = (
				EB2D51862AC4121F007859A8 /* Views */,
				D6B1E3892AC4055D0082934A /* Supports */,
				D6B1E3882AC4054F0082934A /* Screens */,
				D6B1E37D2AC404E20082934A /* Assets.xcassets */,
				D6B1E37F2AC404E20082934A /* LaunchScreen.storyboard */,
				D6B1E3822AC404E20082934A /* Info.plist */,
				D6B1E38C2AC409AF0082934A /* MainHeaderView.swift */,
				D6B1E38E2AC409D60082934A /* CellHeaderView.swift */,
				D6B1E3902AC40A040082934A /* BackgroundReusableView.swift */,
			);
			path = "Weather-Group3";
			sourceTree = "<group>";
		};
		D6B1E3882AC4054F0082934A /* Screens */ = {
			isa = PBXGroup;
			children = (
				D6B1E38A2AC4057F0082934A /* MainWeatherVC.swift */,
			);
			path = Screens;
			sourceTree = "<group>";
		};
		D6B1E3892AC4055D0082934A /* Supports */ = {
			isa = PBXGroup;
			children = (
				D6B1E3742AC404E00082934A /* AppDelegate.swift */,
				D6B1E3762AC404E00082934A /* SceneDelegate.swift */,
			);
			path = Supports;
			sourceTree = "<group>";
		};
		EB2D51862AC4121F007859A8 /* Views */ = {
			isa = PBXGroup;
			children = (
				EB2D51872AC41224007859A8 /* Cells */,
			);
			path = Views;
			sourceTree = "<group>";
		};
		EB2D51872AC41224007859A8 /* Cells */ = {
			isa = PBXGroup;
			children = (
				EB2D51882AC4123D007859A8 /* TodayCollectionViewCell.swift */,
				EB2D518A2AC43F49007859A8 /* DayCollectionViewCell.swift */,
			);
			path = Cells;
			sourceTree = "<group>";
		};
/* End PBXGroup section */

/* Begin PBXNativeTarget section */
		D6B1E3702AC404E00082934A /* Weather-Group3 */ = {
			isa = PBXNativeTarget;
			buildConfigurationList = D6B1E3852AC404E20082934A /* Build configuration list for PBXNativeTarget "Weather-Group3" */;
			buildPhases = (
				D6B1E36D2AC404E00082934A /* Sources */,
				D6B1E36E2AC404E00082934A /* Frameworks */,
				D6B1E36F2AC404E00082934A /* Resources */,
			);
			buildRules = (
			);
			dependencies = (
			);
			name = "Weather-Group3";
			productName = "Weather-Group3";
			productReference = D6B1E3712AC404E00082934A /* Weather-Group3.app */;
			productType = "com.apple.product-type.application";
		};
/* End PBXNativeTarget section */

/* Begin PBXProject section */
		D6B1E3692AC404E00082934A /* Project object */ = {
			isa = PBXProject;
			attributes = {
				BuildIndependentTargetsInParallel = 1;
				LastSwiftUpdateCheck = 1430;
				LastUpgradeCheck = 1430;
				TargetAttributes = {
					D6B1E3702AC404E00082934A = {
						CreatedOnToolsVersion = 14.3.1;
					};
				};
			};
			buildConfigurationList = D6B1E36C2AC404E00082934A /* Build configuration list for PBXProject "Weather-Group3" */;
			compatibilityVersion = "Xcode 14.0";
			developmentRegion = en;
			hasScannedForEncodings = 0;
			knownRegions = (
				en,
				Base,
			);
			mainGroup = D6B1E3682AC404E00082934A;
			productRefGroup = D6B1E3722AC404E00082934A /* Products */;
			projectDirPath = "";
			projectRoot = "";
			targets = (
				D6B1E3702AC404E00082934A /* Weather-Group3 */,
			);
		};
/* End PBXProject section */

/* Begin PBXResourcesBuildPhase section */
		D6B1E36F2AC404E00082934A /* Resources */ = {
			isa = PBXResourcesBuildPhase;
			buildActionMask = 2147483647;
			files = (
				D6B1E3812AC404E20082934A /* LaunchScreen.storyboard in Resources */,
				D6B1E37E2AC404E20082934A /* Assets.xcassets in Resources */,
			);
			runOnlyForDeploymentPostprocessing = 0;
		};
/* End PBXResourcesBuildPhase section */

/* Begin PBXSourcesBuildPhase section */
		D6B1E36D2AC404E00082934A /* Sources */ = {
			isa = PBXSourcesBuildPhase;
			buildActionMask = 2147483647;
			files = (
				D6B1E38D2AC409AF0082934A /* MainHeaderView.swift in Sources */,
				D6B1E3912AC40A040082934A /* BackgroundReusableView.swift in Sources */,
				D6B1E38F2AC409D60082934A /* CellHeaderView.swift in Sources */,
				EB2D518B2AC43F49007859A8 /* DayCollectionViewCell.swift in Sources */,
				D6B1E38B2AC4057F0082934A /* MainWeatherVC.swift in Sources */,
				D6B1E3752AC404E00082934A /* AppDelegate.swift in Sources */,
				EB2D51892AC4123D007859A8 /* TodayCollectionViewCell.swift in Sources */,
				D6B1E3772AC404E00082934A /* SceneDelegate.swift in Sources */,
			);
			runOnlyForDeploymentPostprocessing = 0;
		};
/* End PBXSourcesBuildPhase section */

/* Begin PBXVariantGroup section */
		D6B1E37F2AC404E20082934A /* LaunchScreen.storyboard */ = {
			isa = PBXVariantGroup;
			children = (
				D6B1E3802AC404E20082934A /* Base */,
			);
			name = LaunchScreen.storyboard;
			sourceTree = "<group>";
		};
/* End PBXVariantGroup section */

/* Begin XCBuildConfiguration section */
		D6B1E3832AC404E20082934A /* Debug */ = {
			isa = XCBuildConfiguration;
			buildSettings = {
				ALWAYS_SEARCH_USER_PATHS = NO;
				CLANG_ANALYZER_NONNULL = YES;
				CLANG_ANALYZER_NUMBER_OBJECT_CONVERSION = YES_AGGRESSIVE;
				CLANG_CXX_LANGUAGE_STANDARD = "gnu++20";
				CLANG_ENABLE_MODULES = YES;
				CLANG_ENABLE_OBJC_ARC = YES;
				CLANG_ENABLE_OBJC_WEAK = YES;
				CLANG_WARN_BLOCK_CAPTURE_AUTORELEASING = YES;
				CLANG_WARN_BOOL_CONVERSION = YES;
				CLANG_WARN_COMMA = YES;
				CLANG_WARN_CONSTANT_CONVERSION = YES;
				CLANG_WARN_DEPRECATED_OBJC_IMPLEMENTATIONS = YES;
				CLANG_WARN_DIRECT_OBJC_ISA_USAGE = YES_ERROR;
				CLANG_WARN_DOCUMENTATION_COMMENTS = YES;
				CLANG_WARN_EMPTY_BODY = YES;
				CLANG_WARN_ENUM_CONVERSION = YES;
				CLANG_WARN_INFINITE_RECURSION = YES;
				CLANG_WARN_INT_CONVERSION = YES;
				CLANG_WARN_NON_LITERAL_NULL_CONVERSION = YES;
				CLANG_WARN_OBJC_IMPLICIT_RETAIN_SELF = YES;
				CLANG_WARN_OBJC_LITERAL_CONVERSION = YES;
				CLANG_WARN_OBJC_ROOT_CLASS = YES_ERROR;
				CLANG_WARN_QUOTED_INCLUDE_IN_FRAMEWORK_HEADER = YES;
				CLANG_WARN_RANGE_LOOP_ANALYSIS = YES;
				CLANG_WARN_STRICT_PROTOTYPES = YES;
				CLANG_WARN_SUSPICIOUS_MOVE = YES;
				CLANG_WARN_UNGUARDED_AVAILABILITY = YES_AGGRESSIVE;
				CLANG_WARN_UNREACHABLE_CODE = YES;
				CLANG_WARN__DUPLICATE_METHOD_MATCH = YES;
				COPY_PHASE_STRIP = NO;
				DEBUG_INFORMATION_FORMAT = dwarf;
				ENABLE_STRICT_OBJC_MSGSEND = YES;
				ENABLE_TESTABILITY = YES;
				GCC_C_LANGUAGE_STANDARD = gnu11;
				GCC_DYNAMIC_NO_PIC = NO;
				GCC_NO_COMMON_BLOCKS = YES;
				GCC_OPTIMIZATION_LEVEL = 0;
				GCC_PREPROCESSOR_DEFINITIONS = (
					"DEBUG=1",
					"$(inherited)",
				);
				GCC_WARN_64_TO_32_BIT_CONVERSION = YES;
				GCC_WARN_ABOUT_RETURN_TYPE = YES_ERROR;
				GCC_WARN_UNDECLARED_SELECTOR = YES;
				GCC_WARN_UNINITIALIZED_AUTOS = YES_AGGRESSIVE;
				GCC_WARN_UNUSED_FUNCTION = YES;
				GCC_WARN_UNUSED_VARIABLE = YES;
				IPHONEOS_DEPLOYMENT_TARGET = 16.4;
				MTL_ENABLE_DEBUG_INFO = INCLUDE_SOURCE;
				MTL_FAST_MATH = YES;
				ONLY_ACTIVE_ARCH = YES;
				SDKROOT = iphoneos;
				SWIFT_ACTIVE_COMPILATION_CONDITIONS = DEBUG;
				SWIFT_OPTIMIZATION_LEVEL = "-Onone";
			};
			name = Debug;
		};
		D6B1E3842AC404E20082934A /* Release */ = {
			isa = XCBuildConfiguration;
			buildSettings = {
				ALWAYS_SEARCH_USER_PATHS = NO;
				CLANG_ANALYZER_NONNULL = YES;
				CLANG_ANALYZER_NUMBER_OBJECT_CONVERSION = YES_AGGRESSIVE;
				CLANG_CXX_LANGUAGE_STANDARD = "gnu++20";
				CLANG_ENABLE_MODULES = YES;
				CLANG_ENABLE_OBJC_ARC = YES;
				CLANG_ENABLE_OBJC_WEAK = YES;
				CLANG_WARN_BLOCK_CAPTURE_AUTORELEASING = YES;
				CLANG_WARN_BOOL_CONVERSION = YES;
				CLANG_WARN_COMMA = YES;
				CLANG_WARN_CONSTANT_CONVERSION = YES;
				CLANG_WARN_DEPRECATED_OBJC_IMPLEMENTATIONS = YES;
				CLANG_WARN_DIRECT_OBJC_ISA_USAGE = YES_ERROR;
				CLANG_WARN_DOCUMENTATION_COMMENTS = YES;
				CLANG_WARN_EMPTY_BODY = YES;
				CLANG_WARN_ENUM_CONVERSION = YES;
				CLANG_WARN_INFINITE_RECURSION = YES;
				CLANG_WARN_INT_CONVERSION = YES;
				CLANG_WARN_NON_LITERAL_NULL_CONVERSION = YES;
				CLANG_WARN_OBJC_IMPLICIT_RETAIN_SELF = YES;
				CLANG_WARN_OBJC_LITERAL_CONVERSION = YES;
				CLANG_WARN_OBJC_ROOT_CLASS = YES_ERROR;
				CLANG_WARN_QUOTED_INCLUDE_IN_FRAMEWORK_HEADER = YES;
				CLANG_WARN_RANGE_LOOP_ANALYSIS = YES;
				CLANG_WARN_STRICT_PROTOTYPES = YES;
				CLANG_WARN_SUSPICIOUS_MOVE = YES;
				CLANG_WARN_UNGUARDED_AVAILABILITY = YES_AGGRESSIVE;
				CLANG_WARN_UNREACHABLE_CODE = YES;
				CLANG_WARN__DUPLICATE_METHOD_MATCH = YES;
				COPY_PHASE_STRIP = NO;
				DEBUG_INFORMATION_FORMAT = "dwarf-with-dsym";
				ENABLE_NS_ASSERTIONS = NO;
				ENABLE_STRICT_OBJC_MSGSEND = YES;
				GCC_C_LANGUAGE_STANDARD = gnu11;
				GCC_NO_COMMON_BLOCKS = YES;
				GCC_WARN_64_TO_32_BIT_CONVERSION = YES;
				GCC_WARN_ABOUT_RETURN_TYPE = YES_ERROR;
				GCC_WARN_UNDECLARED_SELECTOR = YES;
				GCC_WARN_UNINITIALIZED_AUTOS = YES_AGGRESSIVE;
				GCC_WARN_UNUSED_FUNCTION = YES;
				GCC_WARN_UNUSED_VARIABLE = YES;
				IPHONEOS_DEPLOYMENT_TARGET = 16.4;
				MTL_ENABLE_DEBUG_INFO = NO;
				MTL_FAST_MATH = YES;
				SDKROOT = iphoneos;
				SWIFT_COMPILATION_MODE = wholemodule;
				SWIFT_OPTIMIZATION_LEVEL = "-O";
				VALIDATE_PRODUCT = YES;
			};
			name = Release;
		};
		D6B1E3862AC404E20082934A /* Debug */ = {
			isa = XCBuildConfiguration;
			buildSettings = {
				ASSETCATALOG_COMPILER_APPICON_NAME = AppIcon;
				ASSETCATALOG_COMPILER_GLOBAL_ACCENT_COLOR_NAME = AccentColor;
				CODE_SIGN_STYLE = Automatic;
				CURRENT_PROJECT_VERSION = 1;
				DEVELOPMENT_TEAM = RVJX7CVR56;
				GENERATE_INFOPLIST_FILE = YES;
				INFOPLIST_FILE = "Weather-Group3/Info.plist";
				INFOPLIST_KEY_UIApplicationSupportsIndirectInputEvents = YES;
				INFOPLIST_KEY_UILaunchStoryboardName = LaunchScreen;
				INFOPLIST_KEY_UISupportedInterfaceOrientations_iPad = "UIInterfaceOrientationPortrait UIInterfaceOrientationPortraitUpsideDown UIInterfaceOrientationLandscapeLeft UIInterfaceOrientationLandscapeRight";
				INFOPLIST_KEY_UISupportedInterfaceOrientations_iPhone = "UIInterfaceOrientationPortrait UIInterfaceOrientationLandscapeLeft UIInterfaceOrientationLandscapeRight";
				LD_RUNPATH_SEARCH_PATHS = (
					"$(inherited)",
					"@executable_path/Frameworks",
				);
				MARKETING_VERSION = 1.0;
				PRODUCT_BUNDLE_IDENTIFIER = "com.woojun.lee.Weather-Group3";
				PRODUCT_NAME = "$(TARGET_NAME)";
				SWIFT_EMIT_LOC_STRINGS = YES;
				SWIFT_VERSION = 5.0;
				TARGETED_DEVICE_FAMILY = "1,2";
			};
			name = Debug;
		};
		D6B1E3872AC404E20082934A /* Release */ = {
			isa = XCBuildConfiguration;
			buildSettings = {
				ASSETCATALOG_COMPILER_APPICON_NAME = AppIcon;
				ASSETCATALOG_COMPILER_GLOBAL_ACCENT_COLOR_NAME = AccentColor;
				CODE_SIGN_STYLE = Automatic;
				CURRENT_PROJECT_VERSION = 1;
				DEVELOPMENT_TEAM = RVJX7CVR56;
				GENERATE_INFOPLIST_FILE = YES;
				INFOPLIST_FILE = "Weather-Group3/Info.plist";
				INFOPLIST_KEY_UIApplicationSupportsIndirectInputEvents = YES;
				INFOPLIST_KEY_UILaunchStoryboardName = LaunchScreen;
				INFOPLIST_KEY_UISupportedInterfaceOrientations_iPad = "UIInterfaceOrientationPortrait UIInterfaceOrientationPortraitUpsideDown UIInterfaceOrientationLandscapeLeft UIInterfaceOrientationLandscapeRight";
				INFOPLIST_KEY_UISupportedInterfaceOrientations_iPhone = "UIInterfaceOrientationPortrait UIInterfaceOrientationLandscapeLeft UIInterfaceOrientationLandscapeRight";
				LD_RUNPATH_SEARCH_PATHS = (
					"$(inherited)",
					"@executable_path/Frameworks",
				);
				MARKETING_VERSION = 1.0;
				PRODUCT_BUNDLE_IDENTIFIER = "com.woojun.lee.Weather-Group3";
				PRODUCT_NAME = "$(TARGET_NAME)";
				SWIFT_EMIT_LOC_STRINGS = YES;
				SWIFT_VERSION = 5.0;
				TARGETED_DEVICE_FAMILY = "1,2";
			};
			name = Release;
		};
/* End XCBuildConfiguration section */

/* Begin XCConfigurationList section */
		D6B1E36C2AC404E00082934A /* Build configuration list for PBXProject "Weather-Group3" */ = {
			isa = XCConfigurationList;
			buildConfigurations = (
				D6B1E3832AC404E20082934A /* Debug */,
				D6B1E3842AC404E20082934A /* Release */,
			);
			defaultConfigurationIsVisible = 0;
			defaultConfigurationName = Release;
		};
		D6B1E3852AC404E20082934A /* Build configuration list for PBXNativeTarget "Weather-Group3" */ = {
			isa = XCConfigurationList;
			buildConfigurations = (
				D6B1E3862AC404E20082934A /* Debug */,
				D6B1E3872AC404E20082934A /* Release */,
			);
			defaultConfigurationIsVisible = 0;
			defaultConfigurationName = Release;
		};
/* End XCConfigurationList section */
	};
	rootObject = D6B1E3692AC404E00082934A /* Project object */;
}
